
Microsoft Visual Studio Solution File, Format Version 12.00
# Visual Studio Version 17
VisualStudioVersion = 17.4.33403.182
MinimumVisualStudioVersion = 10.0.40219.1
Project("{FAE04EC0-301F-11D3-BF4B-00C04F79EFBC}") = "TodoListApp", "TodoListApp\TodoListApp.csproj", "{2AF89682-6618-4894-BDDB-A9C5FA40113D}"
EndProject
Global
	GlobalSection(SolutionConfigurationPlatforms) = preSolution
		Debug|Any CPU = Debug|Any CPU
		Release|Any CPU = Release|Any CPU
	EndGlobalSection
	GlobalSection(ProjectConfigurationPlatforms) = postSolution
		{2AF89682-6618-4894-BDDB-A9C5FA40113D}.Debug|Any CPU.ActiveCfg = Debug|Any CPU
		{2AF89682-6618-4894-BDDB-A9C5FA40113D}.Debug|Any CPU.Build.0 = Debug|Any CPU
		{2AF89682-6618-4894-BDDB-A9C5FA40113D}.Release|Any CPU.ActiveCfg = Release|Any CPU
		{2AF89682-6618-4894-BDDB-A9C5FA40113D}.Release|Any CPU.Build.0 = Release|Any CPU
	EndGlobalSection
	GlobalSection(SolutionProperties) = preSolution
		HideSolutionNode = FALSE
	EndGlobalSection
	GlobalSection(ExtensibilityGlobals) = postSolution
		SolutionGuid = {91B91B78-2761-4ECC-A846-40B795C2743A}
	EndGlobalSection
EndGlobal
